
Microsoft Visual Studio Solution File, Format Version 12.00
# Visual Studio Version 17
VisualStudioVersion = 17.5.33530.505
MinimumVisualStudioVersion = 10.0.40219.1
Project("{9A19103F-16F7-4668-BE54-9A1E7A4F7556}") = "WebAPIServer", "WebAPIServer.csproj", "{29D34276-F33F-429C-8C8E-D7D9BE2C4B30}"
EndProject
Project("{9A19103F-16F7-4668-BE54-9A1E7A4F7556}") = "ManagingTool.Shared", "..\ManagingTool.Shared\ManagingTool.Shared.csproj", "{12E21E60-CD44-467A-A8CC-4321B82898C6}"
EndProject
Project("{9A19103F-16F7-4668-BE54-9A1E7A4F7556}") = "ManagingTool", "..\ManagingTool_Client\ManagingTool.csproj", "{FFF033A7-3387-4658-8874-D3728EEFE6CA}"
EndProject
Global
	GlobalSection(SolutionConfigurationPlatforms) = preSolution
		Debug|Any CPU = Debug|Any CPU
		Release|Any CPU = Release|Any CPU
	EndGlobalSection
	GlobalSection(ProjectConfigurationPlatforms) = postSolution
		{29D34276-F33F-429C-8C8E-D7D9BE2C4B30}.Debug|Any CPU.ActiveCfg = Debug|Any CPU
		{29D34276-F33F-429C-8C8E-D7D9BE2C4B30}.Debug|Any CPU.Build.0 = Debug|Any CPU
		{29D34276-F33F-429C-8C8E-D7D9BE2C4B30}.Release|Any CPU.ActiveCfg = Release|Any CPU
		{29D34276-F33F-429C-8C8E-D7D9BE2C4B30}.Release|Any CPU.Build.0 = Release|Any CPU
		{12E21E60-CD44-467A-A8CC-4321B82898C6}.Debug|Any CPU.ActiveCfg = Debug|Any CPU
		{12E21E60-CD44-467A-A8CC-4321B82898C6}.Debug|Any CPU.Build.0 = Debug|Any CPU
		{12E21E60-CD44-467A-A8CC-4321B82898C6}.Release|Any CPU.ActiveCfg = Release|Any CPU
		{12E21E60-CD44-467A-A8CC-4321B82898C6}.Release|Any CPU.Build.0 = Release|Any CPU
		{FFF033A7-3387-4658-8874-D3728EEFE6CA}.Debug|Any CPU.ActiveCfg = Debug|Any CPU
		{FFF033A7-3387-4658-8874-D3728EEFE6CA}.Debug|Any CPU.Build.0 = Debug|Any CPU
		{FFF033A7-3387-4658-8874-D3728EEFE6CA}.Release|Any CPU.ActiveCfg = Release|Any CPU
		{FFF033A7-3387-4658-8874-D3728EEFE6CA}.Release|Any CPU.Build.0 = Release|Any CPU
	EndGlobalSection
	GlobalSection(SolutionProperties) = preSolution
		HideSolutionNode = FALSE
	EndGlobalSection
	GlobalSection(ExtensibilityGlobals) = postSolution
		SolutionGuid = {366D62E3-A104-410F-9766-3A3279D2A1E6}
	EndGlobalSection
EndGlobal
